
Microsoft Visual Studio Solution File, Format Version 12.00
# Visual Studio Version 16
VisualStudioVersion = 16.0.29905.134
MinimumVisualStudioVersion = 10.0.40219.1
Project("{FAE04EC0-301F-11D3-BF4B-00C04F79EFBC}") = "automatic_workspace", "automatic_workspace\automatic_workspace.csproj", "{B2B9D223-4497-4846-A07B-A162EC50A9EF}"
EndProject
Global
	GlobalSection(SolutionConfigurationPlatforms) = preSolution
		Debug|Any CPU = Debug|Any CPU
		Release|Any CPU = Release|Any CPU
	EndGlobalSection
	GlobalSection(ProjectConfigurationPlatforms) = postSolution
		{B2B9D223-4497-4846-A07B-A162EC50A9EF}.Debug|Any CPU.ActiveCfg = Debug|Any CPU
		{B2B9D223-4497-4846-A07B-A162EC50A9EF}.Debug|Any CPU.Build.0 = Debug|Any CPU
		{B2B9D223-4497-4846-A07B-A162EC50A9EF}.Release|Any CPU.ActiveCfg = Release|Any CPU
		{B2B9D223-4497-4846-A07B-A162EC50A9EF}.Release|Any CPU.Build.0 = Release|Any CPU
	EndGlobalSection
	GlobalSection(SolutionProperties) = preSolution
		HideSolutionNode = FALSE
	EndGlobalSection
	GlobalSection(ExtensibilityGlobals) = postSolution
		SolutionGuid = {C055DA7B-E1A4-488D-B385-2ED7C69A6453}
	EndGlobalSection
EndGlobal
